{
  "lockfileVersion": 1,
  "workspaces": {
    "": {
      "name": "wavekit",
      "devDependencies": {
        "@biomejs/biome": "1.9.4",
        "@types/bun": "1.2.3",
      },
      "peerDependencies": {
        "typescript": "^5.7.3",
      },
    },
    "apps/docs": {
      "name": "@wavekit/docs",
      "dependencies": {
        "@wavekit/kit": "workspace:*",
        "@wavekit/wave": "workspace:*",
        "dedent": "^1.5.3",
      },
      "devDependencies": {
        "shiki": "^3.0.0",
        "typedoc": "^0.27.9",
      },
      "peerDependencies": {
        "typescript": "^5.7.3",
      },
    },
    "packages/kit": {
      "name": "@wavekit/kit",
      "version": "0.0.1",
      "dependencies": {
        "@wavekit/wave": "workspace:*",
      },
      "peerDependencies": {
        "typescript": "^5.7.3",
      },
    },
    "packages/wave": {
      "name": "@wavekit/wave",
      "version": "0.0.1",
      "devDependencies": {
        "dedent": "1.5.1",
      },
      "peerDependencies": {
        "typescript": "^5.7.3",
      },
    },
  },
  "packages": {
    "@biomejs/biome": ["@biomejs/biome@1.9.4", "", { "optionalDependencies": { "@biomejs/cli-darwin-arm64": "1.9.4", "@biomejs/cli-darwin-x64": "1.9.4", "@biomejs/cli-linux-arm64": "1.9.4", "@biomejs/cli-linux-arm64-musl": "1.9.4", "@biomejs/cli-linux-x64": "1.9.4", "@biomejs/cli-linux-x64-musl": "1.9.4", "@biomejs/cli-win32-arm64": "1.9.4", "@biomejs/cli-win32-x64": "1.9.4" }, "bin": { "biome": "bin/biome" } }, "sha512-1rkd7G70+o9KkTn5KLmDYXihGoTaIGO9PIIN2ZB7UJxFrWw04CZHPYiMRjYsaDvVV7hP1dYNRLxSANLaBFGpog=="],

    "@biomejs/cli-darwin-arm64": ["@biomejs/cli-darwin-arm64@1.9.4", "", { "os": "darwin", "cpu": "arm64" }, "sha512-bFBsPWrNvkdKrNCYeAp+xo2HecOGPAy9WyNyB/jKnnedgzl4W4Hb9ZMzYNbf8dMCGmUdSavlYHiR01QaYR58cw=="],

    "@biomejs/cli-darwin-x64": ["@biomejs/cli-darwin-x64@1.9.4", "", { "os": "darwin", "cpu": "x64" }, "sha512-ngYBh/+bEedqkSevPVhLP4QfVPCpb+4BBe2p7Xs32dBgs7rh9nY2AIYUL6BgLw1JVXV8GlpKmb/hNiuIxfPfZg=="],

    "@biomejs/cli-linux-arm64": ["@biomejs/cli-linux-arm64@1.9.4", "", { "os": "linux", "cpu": "arm64" }, "sha512-fJIW0+LYujdjUgJJuwesP4EjIBl/N/TcOX3IvIHJQNsAqvV2CHIogsmA94BPG6jZATS4Hi+xv4SkBBQSt1N4/g=="],

    "@biomejs/cli-linux-arm64-musl": ["@biomejs/cli-linux-arm64-musl@1.9.4", "", { "os": "linux", "cpu": "arm64" }, "sha512-v665Ct9WCRjGa8+kTr0CzApU0+XXtRgwmzIf1SeKSGAv+2scAlW6JR5PMFo6FzqqZ64Po79cKODKf3/AAmECqA=="],

    "@biomejs/cli-linux-x64": ["@biomejs/cli-linux-x64@1.9.4", "", { "os": "linux", "cpu": "x64" }, "sha512-lRCJv/Vi3Vlwmbd6K+oQ0KhLHMAysN8lXoCI7XeHlxaajk06u7G+UsFSO01NAs5iYuWKmVZjmiOzJ0OJmGsMwg=="],

    "@biomejs/cli-linux-x64-musl": ["@biomejs/cli-linux-x64-musl@1.9.4", "", { "os": "linux", "cpu": "x64" }, "sha512-gEhi/jSBhZ2m6wjV530Yy8+fNqG8PAinM3oV7CyO+6c3CEh16Eizm21uHVsyVBEB6RIM8JHIl6AGYCv6Q6Q9Tg=="],

    "@biomejs/cli-win32-arm64": ["@biomejs/cli-win32-arm64@1.9.4", "", { "os": "win32", "cpu": "arm64" }, "sha512-tlbhLk+WXZmgwoIKwHIHEBZUwxml7bRJgk0X2sPyNR3S93cdRq6XulAZRQJ17FYGGzWne0fgrXBKpl7l4M87Hg=="],

    "@biomejs/cli-win32-x64": ["@biomejs/cli-win32-x64@1.9.4", "", { "os": "win32", "cpu": "x64" }, "sha512-8Y5wMhVIPaWe6jw2H+KlEm4wP/f7EW3810ZLmDlrEEy5KvBsb9ECEfu/kMWD484ijfQ8+nIi0giMgu9g1UAuuA=="],

    "@gerrit0/mini-shiki": ["@gerrit0/mini-shiki@1.27.2", "", { "dependencies": { "@shikijs/engine-oniguruma": "^1.27.2", "@shikijs/types": "^1.27.2", "@shikijs/vscode-textmate": "^10.0.1" } }, "sha512-GeWyHz8ao2gBiUW4OJnQDxXQnFgZQwwQk05t/CVVgNBN7/rK8XZ7xY6YhLVv9tH3VppWWmr9DCl3MwemB/i+Og=="],

    "@shikijs/core": ["@shikijs/core@3.0.0", "", { "dependencies": { "@shikijs/types": "3.0.0", "@shikijs/vscode-textmate": "^10.0.2", "@types/hast": "^3.0.4", "hast-util-to-html": "^9.0.4" } }, "sha512-gSm3JQf2J2psiUn5bWokmZwnu5N0jfBtRps4CQ1B+qrFvmZCRAkMVoaxgl9qZgAFK5KisLAS3//XaMFVytYHKw=="],

    "@shikijs/engine-javascript": ["@shikijs/engine-javascript@3.0.0", "", { "dependencies": { "@shikijs/types": "3.0.0", "@shikijs/vscode-textmate": "^10.0.2", "oniguruma-to-es": "^3.1.0" } }, "sha512-zoB10hTfvk1iZk1ldt6VaF+0iucQL+4TtSvTdTu5MhOeLPLEf5nZ8Wz6uxlp99y627OLalYa2z4W0iTTwb6oyA=="],

    "@shikijs/engine-oniguruma": ["@shikijs/engine-oniguruma@3.0.0", "", { "dependencies": { "@shikijs/types": "3.0.0", "@shikijs/vscode-textmate": "^10.0.2" } }, "sha512-uM9lqwMrlPHPVcdpAN/4pAzTJah1pY7mi9f1MxG887SDkjF/tdiQK+5200Y8N5Hg125sewdMQ1K2agoAo8hDiA=="],

    "@shikijs/langs": ["@shikijs/langs@3.0.0", "", { "dependencies": { "@shikijs/types": "3.0.0" } }, "sha512-HBsZAukiYz7k3hzttPWa0en3PABEwK3cpxcAcERRwvwuKc5pn0Y+yPxAIYZtN9cFdtNqrbFJNhfcEu/xbG1u/A=="],

    "@shikijs/themes": ["@shikijs/themes@3.0.0", "", { "dependencies": { "@shikijs/types": "3.0.0" } }, "sha512-mz63nyVB5nXWsv5H2hifDFIThZEJ/cJhMq1/+0JjMdOuuBq2H2D1Fn8UM5yzUtEvap/ipRltv381+hsHZFs4ug=="],

    "@shikijs/types": ["@shikijs/types@3.0.0", "", { "dependencies": { "@shikijs/vscode-textmate": "^10.0.2", "@types/hast": "^3.0.4" } }, "sha512-kh/xgZHxI6m9trVvPw+C47jyVHx190r0F5gkF+VO5vYB54UtcoPJe66dzZmK7GbJbzmtGEGbOwct/jsoPjjUqg=="],

    "@shikijs/vscode-textmate": ["@shikijs/vscode-textmate@10.0.2", "", {}, "sha512-83yeghZ2xxin3Nj8z1NMd/NCuca+gsYXswywDy5bHvwlWL8tpTQmzGeUuHd9FC3E/SBEMvzJRwWEOz5gGes9Qg=="],

    "@types/bun": ["@types/bun@1.2.3", "", { "dependencies": { "bun-types": "1.2.3" } }, "sha512-054h79ipETRfjtsCW9qJK8Ipof67Pw9bodFWmkfkaUaRiIQ1dIV2VTlheshlBx3mpKr0KeK8VqnMMCtgN9rQtw=="],

    "@types/hast": ["@types/hast@3.0.4", "", { "dependencies": { "@types/unist": "*" } }, "sha512-WPs+bbQw5aCj+x6laNGWLH3wviHtoCv/P3+otBhbOhJgG8qtpdAMlTCxLtsTWA7LH1Oh/bFCHsBn0TPS5m30EQ=="],

    "@types/mdast": ["@types/mdast@4.0.4", "", { "dependencies": { "@types/unist": "*" } }, "sha512-kGaNbPh1k7AFzgpud/gMdvIm5xuECykRR+JnWKQno9TAXVa6WIVCGTPvYGekIDL4uwCZQSYbUxNBSb1aUo79oA=="],

    "@types/node": ["@types/node@22.13.5", "", { "dependencies": { "undici-types": "~6.20.0" } }, "sha512-+lTU0PxZXn0Dr1NBtC7Y8cR21AJr87dLLU953CWA6pMxxv/UDc7jYAY90upcrie1nRcD6XNG5HOYEDtgW5TxAg=="],

    "@types/unist": ["@types/unist@3.0.3", "", {}, "sha512-ko/gIFJRv177XgZsZcBwnqJN5x/Gien8qNOn0D5bQU/zAzVf9Zt3BlcUiLqhV9y4ARk0GbT3tnUiPNgnTXzc/Q=="],

    "@types/ws": ["@types/ws@8.5.14", "", { "dependencies": { "@types/node": "*" } }, "sha512-bd/YFLW+URhBzMXurx7lWByOu+xzU9+kb3RboOteXYDfW+tr+JZa99OyNmPINEGB/ahzKrEuc8rcv4gnpJmxTw=="],

    "@ungap/structured-clone": ["@ungap/structured-clone@1.3.0", "", {}, "sha512-WmoN8qaIAo7WTYWbAZuG8PYEhn5fkz7dZrqTBZ7dtt//lL2Gwms1IcnQ5yHqjDfX8Ft5j4YzDM23f87zBfDe9g=="],

    "@wavekit/docs": ["@wavekit/docs@workspace:apps/docs"],

    "@wavekit/kit": ["@wavekit/kit@workspace:packages/kit"],

    "@wavekit/wave": ["@wavekit/wave@workspace:packages/wave"],

    "argparse": ["argparse@2.0.1", "", {}, "sha512-8+9WqebbFzpX9OR+Wa6O29asIogeRMzcGtAINdpMHHyAg10f05aSFVBbcEqGf/PXw1EjAZ+q2/bEBg3DvurK3Q=="],

    "balanced-match": ["balanced-match@1.0.2", "", {}, "sha512-3oSeUO0TMV67hN1AmbXsK4yaqU7tjiHlbxRDZOpH0KW9+CeX4bRAaX0Anxt0tx2MrpRpWwQaPwIlISEJhYU5Pw=="],

    "brace-expansion": ["brace-expansion@2.0.1", "", { "dependencies": { "balanced-match": "^1.0.0" } }, "sha512-XnAIvQ8eM+kC6aULx6wuQiwVsnzsi9d3WxzV3FpWTGA19F621kwdbsAcFKXgKUHZWsy+mY6iL1sHTxWEFCytDA=="],

    "bun-types": ["bun-types@1.2.3", "", { "dependencies": { "@types/node": "*", "@types/ws": "~8.5.10" } }, "sha512-P7AeyTseLKAvgaZqQrvp3RqFM3yN9PlcLuSTe7SoJOfZkER73mLdT2vEQi8U64S1YvM/ldcNiQjn0Sn7H9lGgg=="],

    "ccount": ["ccount@2.0.1", "", {}, "sha512-eyrF0jiFpY+3drT6383f1qhkbGsLSifNAjA61IUjZjmLCWjItY6LB9ft9YhoDgwfmclB2zhu51Lc7+95b8NRAg=="],

    "character-entities-html4": ["character-entities-html4@2.1.0", "", {}, "sha512-1v7fgQRj6hnSwFpq1Eu0ynr/CDEw0rXo2B61qXrLNdHZmPKgb7fqS1a2JwF0rISo9q77jDI8VMEHoApn8qDoZA=="],

    "character-entities-legacy": ["character-entities-legacy@3.0.0", "", {}, "sha512-RpPp0asT/6ufRm//AJVwpViZbGM/MkjQFxJccQRHmISF/22NBtsHqAWmL+/pmkPWoIUJdWyeVleTl1wydHATVQ=="],

    "comma-separated-tokens": ["comma-separated-tokens@2.0.3", "", {}, "sha512-Fu4hJdvzeylCfQPp9SGWidpzrMs7tTrlu6Vb8XGaRGck8QSNZJJp538Wrb60Lax4fPwR64ViY468OIUTbRlGZg=="],

    "dedent": ["dedent@1.5.3", "", { "peerDependencies": { "babel-plugin-macros": "^3.1.0" }, "optionalPeers": ["babel-plugin-macros"] }, "sha512-NHQtfOOW68WD8lgypbLA5oT+Bt0xXJhiYvoR6SmmNXZfpzOGXwdKWmcwG8N7PwVVWV3eF/68nmD9BaJSsTBhyQ=="],

    "dequal": ["dequal@2.0.3", "", {}, "sha512-0je+qPKHEMohvfRTCEo3CrPG6cAzAYgmzKyxRiYSSDkS6eGJdyVJm7WaYA5ECaAD9wLB2T4EEeymA5aFVcYXCA=="],

    "devlop": ["devlop@1.1.0", "", { "dependencies": { "dequal": "^2.0.0" } }, "sha512-RWmIqhcFf1lRYBvNmr7qTNuyCt/7/ns2jbpp1+PalgE/rDQcBT0fioSMUpJ93irlUhC5hrg4cYqe6U+0ImW0rA=="],

    "emoji-regex-xs": ["emoji-regex-xs@1.0.0", "", {}, "sha512-LRlerrMYoIDrT6jgpeZ2YYl/L8EulRTt5hQcYjy5AInh7HWXKimpqx68aknBFpGL2+/IcogTcaydJEgaTmOpDg=="],

    "entities": ["entities@4.5.0", "", {}, "sha512-V0hjH4dGPh9Ao5p0MoRY6BVqtwCjhz6vI5LT8AJ55H+4g9/4vbHx1I54fS0XuclLhDHArPQCiMjDxjaL8fPxhw=="],

    "hast-util-to-html": ["hast-util-to-html@9.0.5", "", { "dependencies": { "@types/hast": "^3.0.0", "@types/unist": "^3.0.0", "ccount": "^2.0.0", "comma-separated-tokens": "^2.0.0", "hast-util-whitespace": "^3.0.0", "html-void-elements": "^3.0.0", "mdast-util-to-hast": "^13.0.0", "property-information": "^7.0.0", "space-separated-tokens": "^2.0.0", "stringify-entities": "^4.0.0", "zwitch": "^2.0.4" } }, "sha512-OguPdidb+fbHQSU4Q4ZiLKnzWo8Wwsf5bZfbvu7//a9oTYoqD/fWpe96NuHkoS9h0ccGOTe0C4NGXdtS0iObOw=="],

    "hast-util-whitespace": ["hast-util-whitespace@3.0.0", "", { "dependencies": { "@types/hast": "^3.0.0" } }, "sha512-88JUN06ipLwsnv+dVn+OIYOvAuvBMy/Qoi6O7mQHxdPXpjy+Cd6xRkWwux7DKO+4sYILtLBRIKgsdpS2gQc7qw=="],

    "html-void-elements": ["html-void-elements@3.0.0", "", {}, "sha512-bEqo66MRXsUGxWHV5IP0PUiAWwoEjba4VCzg0LjFJBpchPaTfyfCKTG6bc5F8ucKec3q5y6qOdGyYTSBEvhCrg=="],

    "linkify-it": ["linkify-it@5.0.0", "", { "dependencies": { "uc.micro": "^2.0.0" } }, "sha512-5aHCbzQRADcdP+ATqnDuhhJ/MRIqDkZX5pyjFHRRysS8vZ5AbqGEoFIb6pYHPZ+L/OC2Lc+xT8uHVVR5CAK/wQ=="],

    "lunr": ["lunr@2.3.9", "", {}, "sha512-zTU3DaZaF3Rt9rhN3uBMGQD3dD2/vFQqnvZCDv4dl5iOzq2IZQqTxu90r4E5J+nP70J3ilqVCrbho2eWaeW8Ow=="],

    "markdown-it": ["markdown-it@14.1.0", "", { "dependencies": { "argparse": "^2.0.1", "entities": "^4.4.0", "linkify-it": "^5.0.0", "mdurl": "^2.0.0", "punycode.js": "^2.3.1", "uc.micro": "^2.1.0" }, "bin": { "markdown-it": "bin/markdown-it.mjs" } }, "sha512-a54IwgWPaeBCAAsv13YgmALOF1elABB08FxO9i+r4VFk5Vl4pKokRPeX8u5TCgSsPi6ec1otfLjdOpVcgbpshg=="],

    "mdast-util-to-hast": ["mdast-util-to-hast@13.2.0", "", { "dependencies": { "@types/hast": "^3.0.0", "@types/mdast": "^4.0.0", "@ungap/structured-clone": "^1.0.0", "devlop": "^1.0.0", "micromark-util-sanitize-uri": "^2.0.0", "trim-lines": "^3.0.0", "unist-util-position": "^5.0.0", "unist-util-visit": "^5.0.0", "vfile": "^6.0.0" } }, "sha512-QGYKEuUsYT9ykKBCMOEDLsU5JRObWQusAolFMeko/tYPufNkRffBAQjIE+99jbA87xv6FgmjLtwjh9wBWajwAA=="],

    "mdurl": ["mdurl@2.0.0", "", {}, "sha512-Lf+9+2r+Tdp5wXDXC4PcIBjTDtq4UKjCPMQhKIuzpJNW0b96kVqSwW0bT7FhRSfmAiFYgP+SCRvdrDozfh0U5w=="],

    "micromark-util-character": ["micromark-util-character@2.1.1", "", { "dependencies": { "micromark-util-symbol": "^2.0.0", "micromark-util-types": "^2.0.0" } }, "sha512-wv8tdUTJ3thSFFFJKtpYKOYiGP2+v96Hvk4Tu8KpCAsTMs6yi+nVmGh1syvSCsaxz45J6Jbw+9DD6g97+NV67Q=="],

    "micromark-util-encode": ["micromark-util-encode@2.0.1", "", {}, "sha512-c3cVx2y4KqUnwopcO9b/SCdo2O67LwJJ/UyqGfbigahfegL9myoEFoDYZgkT7f36T0bLrM9hZTAaAyH+PCAXjw=="],

    "micromark-util-sanitize-uri": ["micromark-util-sanitize-uri@2.0.1", "", { "dependencies": { "micromark-util-character": "^2.0.0", "micromark-util-encode": "^2.0.0", "micromark-util-symbol": "^2.0.0" } }, "sha512-9N9IomZ/YuGGZZmQec1MbgxtlgougxTodVwDzzEouPKo3qFWvymFHWcnDi2vzV1ff6kas9ucW+o3yzJK9YB1AQ=="],

    "micromark-util-symbol": ["micromark-util-symbol@2.0.1", "", {}, "sha512-vs5t8Apaud9N28kgCrRUdEed4UJ+wWNvicHLPxCa9ENlYuAY31M0ETy5y1vA33YoNPDFTghEbnh6efaE8h4x0Q=="],

    "micromark-util-types": ["micromark-util-types@2.0.1", "", {}, "sha512-534m2WhVTddrcKVepwmVEVnUAmtrx9bfIjNoQHRqfnvdaHQiFytEhJoTgpWJvDEXCO5gLTQh3wYC1PgOJA4NSQ=="],

    "minimatch": ["minimatch@9.0.5", "", { "dependencies": { "brace-expansion": "^2.0.1" } }, "sha512-G6T0ZX48xgozx7587koeX9Ys2NYy6Gmv//P89sEte9V9whIapMNF4idKxnW2QtCcLiTWlb/wfCabAtAFWhhBow=="],

    "oniguruma-to-es": ["oniguruma-to-es@3.1.1", "", { "dependencies": { "emoji-regex-xs": "^1.0.0", "regex": "^6.0.1", "regex-recursion": "^6.0.2" } }, "sha512-bUH8SDvPkH3ho3dvwJwfonjlQ4R80vjyvrU8YpxuROddv55vAEJrTuCuCVUhhsHbtlD9tGGbaNApGQckXhS8iQ=="],

    "property-information": ["property-information@7.0.0", "", {}, "sha512-7D/qOz/+Y4X/rzSB6jKxKUsQnphO046ei8qxG59mtM3RG3DHgTK81HrxrmoDVINJb8NKT5ZsRbwHvQ6B68Iyhg=="],

    "punycode.js": ["punycode.js@2.3.1", "", {}, "sha512-uxFIHU0YlHYhDQtV4R9J6a52SLx28BCjT+4ieh7IGbgwVJWO+km431c4yRlREUAsAmt/uMjQUyQHNEPf0M39CA=="],

    "regex": ["regex@6.0.1", "", { "dependencies": { "regex-utilities": "^2.3.0" } }, "sha512-uorlqlzAKjKQZ5P+kTJr3eeJGSVroLKoHmquUj4zHWuR+hEyNqlXsSKlYYF5F4NI6nl7tWCs0apKJ0lmfsXAPA=="],

    "regex-recursion": ["regex-recursion@6.0.2", "", { "dependencies": { "regex-utilities": "^2.3.0" } }, "sha512-0YCaSCq2VRIebiaUviZNs0cBz1kg5kVS2UKUfNIx8YVs1cN3AV7NTctO5FOKBA+UT2BPJIWZauYHPqJODG50cg=="],

    "regex-utilities": ["regex-utilities@2.3.0", "", {}, "sha512-8VhliFJAWRaUiVvREIiW2NXXTmHs4vMNnSzuJVhscgmGav3g9VDxLrQndI3dZZVVdp0ZO/5v0xmX516/7M9cng=="],

    "shiki": ["shiki@3.0.0", "", { "dependencies": { "@shikijs/core": "3.0.0", "@shikijs/engine-javascript": "3.0.0", "@shikijs/engine-oniguruma": "3.0.0", "@shikijs/langs": "3.0.0", "@shikijs/themes": "3.0.0", "@shikijs/types": "3.0.0", "@shikijs/vscode-textmate": "^10.0.2", "@types/hast": "^3.0.4" } }, "sha512-x6MMdYN9auPGx7kMFtyKbaj65eCdetfrfkvQZwqisZLnGMnAZsZxOpcWD0ElvLPFWHOSMukVyN9Opm7TxQjnZA=="],

    "space-separated-tokens": ["space-separated-tokens@2.0.2", "", {}, "sha512-PEGlAwrG8yXGXRjW32fGbg66JAlOAwbObuqVoJpv/mRgoWDQfgH1wDPvtzWyUSNAXBGSk8h755YDbbcEy3SH2Q=="],

    "stringify-entities": ["stringify-entities@4.0.4", "", { "dependencies": { "character-entities-html4": "^2.0.0", "character-entities-legacy": "^3.0.0" } }, "sha512-IwfBptatlO+QCJUo19AqvrPNqlVMpW9YEL2LIVY+Rpv2qsjCGxaDLNRgeGsQWJhfItebuJhsGSLjaBbNSQ+ieg=="],

    "trim-lines": ["trim-lines@3.0.1", "", {}, "sha512-kRj8B+YHZCc9kQYdWfJB2/oUl9rA99qbowYYBtr4ui4mZyAQ2JpvVBd/6U2YloATfqBhBTSMhTpgBHtU0Mf3Rg=="],

    "typedoc": ["typedoc@0.27.9", "", { "dependencies": { "@gerrit0/mini-shiki": "^1.24.0", "lunr": "^2.3.9", "markdown-it": "^14.1.0", "minimatch": "^9.0.5", "yaml": "^2.6.1" }, "peerDependencies": { "typescript": "5.0.x || 5.1.x || 5.2.x || 5.3.x || 5.4.x || 5.5.x || 5.6.x || 5.7.x || 5.8.x" }, "bin": { "typedoc": "bin/typedoc" } }, "sha512-/z585740YHURLl9DN2jCWe6OW7zKYm6VoQ93H0sxZ1cwHQEQrUn5BJrEnkWhfzUdyO+BLGjnKUZ9iz9hKloFDw=="],

    "typescript": ["typescript@5.7.3", "", { "bin": { "tsc": "bin/tsc", "tsserver": "bin/tsserver" } }, "sha512-84MVSjMEHP+FQRPy3pX9sTVV/INIex71s9TL2Gm5FG/WG1SqXeKyZ0k7/blY/4FdOzI12CBy1vGc4og/eus0fw=="],

    "uc.micro": ["uc.micro@2.1.0", "", {}, "sha512-ARDJmphmdvUk6Glw7y9DQ2bFkKBHwQHLi2lsaH6PPmz/Ka9sFOBsBluozhDltWmnv9u/cF6Rt87znRTPV+yp/A=="],

    "undici-types": ["undici-types@6.20.0", "", {}, "sha512-Ny6QZ2Nju20vw1SRHe3d9jVu6gJ+4e3+MMpqu7pqE5HT6WsTSlce++GQmK5UXS8mzV8DSYHrQH+Xrf2jVcuKNg=="],

    "unist-util-is": ["unist-util-is@6.0.0", "", { "dependencies": { "@types/unist": "^3.0.0" } }, "sha512-2qCTHimwdxLfz+YzdGfkqNlH0tLi9xjTnHddPmJwtIG9MGsdbutfTc4P+haPD7l7Cjxf/WZj+we5qfVPvvxfYw=="],

    "unist-util-position": ["unist-util-position@5.0.0", "", { "dependencies": { "@types/unist": "^3.0.0" } }, "sha512-fucsC7HjXvkB5R3kTCO7kUjRdrS0BJt3M/FPxmHMBOm8JQi2BsHAHFsy27E0EolP8rp0NzXsJ+jNPyDWvOJZPA=="],

    "unist-util-stringify-position": ["unist-util-stringify-position@4.0.0", "", { "dependencies": { "@types/unist": "^3.0.0" } }, "sha512-0ASV06AAoKCDkS2+xw5RXJywruurpbC4JZSm7nr7MOt1ojAzvyyaO+UxZf18j8FCF6kmzCZKcAgN/yu2gm2XgQ=="],

    "unist-util-visit": ["unist-util-visit@5.0.0", "", { "dependencies": { "@types/unist": "^3.0.0", "unist-util-is": "^6.0.0", "unist-util-visit-parents": "^6.0.0" } }, "sha512-MR04uvD+07cwl/yhVuVWAtw+3GOR/knlL55Nd/wAdblk27GCVt3lqpTivy/tkJcZoNPzTwS1Y+KMojlLDhoTzg=="],

    "unist-util-visit-parents": ["unist-util-visit-parents@6.0.1", "", { "dependencies": { "@types/unist": "^3.0.0", "unist-util-is": "^6.0.0" } }, "sha512-L/PqWzfTP9lzzEa6CKs0k2nARxTdZduw3zyh8d2NVBnsyvHjSX4TWse388YrrQKbvI8w20fGjGlhgT96WwKykw=="],

    "vfile": ["vfile@6.0.3", "", { "dependencies": { "@types/unist": "^3.0.0", "vfile-message": "^4.0.0" } }, "sha512-KzIbH/9tXat2u30jf+smMwFCsno4wHVdNmzFyL+T/L3UGqqk6JKfVqOFOZEpZSHADH1k40ab6NUIXZq422ov3Q=="],

    "vfile-message": ["vfile-message@4.0.2", "", { "dependencies": { "@types/unist": "^3.0.0", "unist-util-stringify-position": "^4.0.0" } }, "sha512-jRDZ1IMLttGj41KcZvlrYAaI3CfqpLpfpf+Mfig13viT6NKvRzWZ+lXz0Y5D60w6uJIBAOGq9mSHf0gktF0duw=="],

    "yaml": ["yaml@2.7.0", "", { "bin": { "yaml": "bin.mjs" } }, "sha512-+hSoy/QHluxmC9kCIJyL/uyFmLmc+e5CFR5Wa+bpIhIj85LVb9ZH2nVnqrHoSvKogwODv0ClqZkmiSSaIH5LTA=="],

    "zwitch": ["zwitch@2.0.4", "", {}, "sha512-bXE4cR/kVZhKZX/RjPEflHaKVhUVl85noU3v6b8apfQEc1x4A+zBxjZ4lN8LqGd6WZ3dl98pY4o717VFmoPp+A=="],

    "@gerrit0/mini-shiki/@shikijs/engine-oniguruma": ["@shikijs/engine-oniguruma@1.29.2", "", { "dependencies": { "@shikijs/types": "1.29.2", "@shikijs/vscode-textmate": "^10.0.1" } }, "sha512-7iiOx3SG8+g1MnlzZVDYiaeHe7Ez2Kf2HrJzdmGwkRisT7r4rak0e655AcM/tF9JG/kg5fMNYlLLKglbN7gBqA=="],

    "@gerrit0/mini-shiki/@shikijs/types": ["@shikijs/types@1.29.2", "", { "dependencies": { "@shikijs/vscode-textmate": "^10.0.1", "@types/hast": "^3.0.4" } }, "sha512-VJjK0eIijTZf0QSTODEXCqinjBn0joAHQ+aPSBzrv4O2d/QSbsMw+ZeSRx03kV34Hy7NzUvV/7NqfYGRLrASmw=="],

    "@wavekit/wave/dedent": ["dedent@1.5.1", "", { "peerDependencies": { "babel-plugin-macros": "^3.1.0" }, "optionalPeers": ["babel-plugin-macros"] }, "sha512-+LxW+KLWxu3HW3M2w2ympwtqPrqYRzU8fqi6Fhd18fBALe15blJPI/I4+UHveMVG6lJqB4JNd4UG0S5cnVHwIg=="],
  }
}
